{
  "pins" : [
    {
      "identity" : "swiftnetcdf",
      "kind" : "remoteSourceControl",
      "location" : "https://github.com/patrick-zippenfenig/SwiftNetCDF.git",
      "state" : {
        "revision" : "4792741df052e0a2a4626f9e03fd66edf6417cba",
        "version" : "1.1.1"
      }
    }
  ],
  "version" : 2
}
